<?xml version="1.0" encoding="utf-8"?>
<Project xmlns="http://schemas.microsoft.com/developer/msbuild/2003">
  <ItemGroup>
    <Filter Include="Form Files">
      <UniqueIdentifier>{99349809-55BA-4b9d-BF79-8FDBB0286EB3}</UniqueIdentifier>
      <Extensions>ui</Extensions>
      <ParseFiles>false</ParseFiles>
    </Filter>
    <Filter Include="Form Files">
      <UniqueIdentifier>{99349809-55BA-4b9d-BF79-8FDBB0286EB3}</UniqueIdentifier>
      <Extensions>ui</Extensions>
      <ParseFiles>false</ParseFiles>
    </Filter>
    <Filter Include="Generated Files">
      <UniqueIdentifier>{71ED8ED8-ACB9-4CE9-BBE1-E00B30144E11}</UniqueIdentifier>
      <Extensions>cpp;c;cxx;moc;h;def;odl;idl;res;</Extensions>
    </Filter>
    <Filter Include="Generated Files">
      <UniqueIdentifier>{71ED8ED8-ACB9-4CE9-BBE1-E00B30144E11}</UniqueIdentifier>
      <Extensions>cpp;c;cxx;moc;h;def;odl;idl;res;</Extensions>
    </Filter>
    <Filter Include="Header Files">
      <UniqueIdentifier>{93995380-89BD-4b04-88EB-625FBE52EBFB}</UniqueIdentifier>
      <Extensions>h;hpp;hxx;hm;inl;inc;xsd</Extensions>
    </Filter>
    <Filter Include="Header Files">
      <UniqueIdentifier>{93995380-89BD-4b04-88EB-625FBE52EBFB}</UniqueIdentifier>
      <Extensions>h;hpp;hxx;hm;inl;inc;xsd</Extensions>
    </Filter>
    <Filter Include="Resource Files">
      <UniqueIdentifier>{D9D6E242-F8AF-46E4-B9FD-80ECBC20BA3E}</UniqueIdentifier>
      <Extensions>qrc;*</Extensions>
      <ParseFiles>false</ParseFiles>
    </Filter>
    <Filter Include="Resource Files">
      <UniqueIdentifier>{D9D6E242-F8AF-46E4-B9FD-80ECBC20BA3E}</UniqueIdentifier>
      <Extensions>qrc;*</Extensions>
      <ParseFiles>false</ParseFiles>
    </Filter>
    <Filter Include="Source Files">
      <UniqueIdentifier>{4FC737F1-C7A5-4376-A066-2A32D752A2FF}</UniqueIdentifier>
      <Extensions>cpp;c;cxx;def;odl;idl;hpj;bat;asm;asmx</Extensions>
    </Filter>
    <Filter Include="Source Files">
      <UniqueIdentifier>{4FC737F1-C7A5-4376-A066-2A32D752A2FF}</UniqueIdentifier>
      <Extensions>cpp;c;cxx;def;odl;idl;hpj;bat;asm;asmx</Extensions>
    </Filter>
  </ItemGroup>
  <ItemGroup>
    <ClCompile Include="Source\RGUI\RPropertyWidget\RDelegate\QtColorComboBox.cpp">
      <Filter>Source Files</Filter>
    </ClCompile>
    <ClCompile Include="Source\RDomain\RModel\ExternalSoftware\RANSYSModel.cpp">
      <Filter>Source Files</Filter>
    </ClCompile>
    <ClCompile Include="Source\RDomain\RModel\ExternalSoftware\RAbaqusModel.cpp">
      <Filter>Source Files</Filter>
    </ClCompile>
    <ClCompile Include="Source\RGUI\RAboutDialog\RAboutDialog.cpp">
      <Filter>Source Files</Filter>
    </ClCompile>
    <ClCompile Include="Source\RDomain\RModel\Hazard\RAbrahamsonEtAl2013IntensityModel.cpp">
      <Filter>Source Files</Filter>
    </ClCompile>
    <ClCompile Include="Source\RDomain\RModel\Hazard\RAbrahamsonSilva2008IntensityModel.cpp">
      <Filter>Source Files</Filter>
    </ClCompile>
    <ClCompile Include="Source\RMPI\RAccumulationThread.cpp">
      <Filter>Source Files</Filter>
    </ClCompile>
    <ClCompile Include="Source\RAnalysis\RAccumulator\RAccumulator.cpp">
      <Filter>Source Files</Filter>
    </ClCompile>
    <ClCompile Include="Source\RAnalysis\RMeritChecker\RAdkZhangMeritChecker.cpp">
      <Filter>Source Files</Filter>
    </ClCompile>
    <ClCompile Include="Source\RGUI\RObjectWidget\RAggregationObjectWidget.cpp">
      <Filter>Source Files</Filter>
    </ClCompile>
    <ClCompile Include="Source\RDomain\RModel\Generic\RAlgebraicExpressionModel.cpp">
      <Filter>Source Files</Filter>
    </ClCompile>
    <ClCompile Include="Source\RGUI\RAnalysisDialog\RAnalysisDialog.cpp">
      <Filter>Source Files</Filter>
    </ClCompile>
    <ClCompile Include="Source\RAnalysis\RAnalyzer\RAnalyzer.cpp">
      <Filter>Source Files</Filter>
    </ClCompile>
    <ClCompile Include="Source\RAnalysis\RStepSizeSearcher\RArmijoStepSizeSearcher.cpp">
      <Filter>Source Files</Filter>
    </ClCompile>
    <ClCompile Include="Source\RMPI\RAsynchronousAccumulator.cpp">
      <Filter>Source Files</Filter>
    </ClCompile>
    <ClCompile Include="Source\RDomain\RModel\Hazard\RAtkinson1997IntensityModel.cpp">
      <Filter>Source Files</Filter>
    </ClCompile>
    <ClCompile Include="Source\RDomain\RModel\Hazard\RAtkinsonBoore2003IntensityModel.cpp">
      <Filter>Source Files</Filter>
    </ClCompile>
    <ClCompile Include="Source\RDomain\RModel\Hazard\RBooreAtkinson2008IntensityModel.cpp">
      <Filter>Source Files</Filter>
    </ClCompile>
    <ClCompile Include="Source\RDomain\RModel\Hazard\RBooreEtAl2013IntensityModel.cpp">
      <Filter>Source Files</Filter>
    </ClCompile>
    <ClCompile Include="Source\RDomain\RModel\Hazard\RBoundedExponentialMagnitudeModel.cpp">
      <Filter>Source Files</Filter>
    </ClCompile>
    <ClCompile Include="Source\RDomain\RModel\Infrastructure\Building\RBuildingCasualtyModel.cpp">
      <Filter>Source Files</Filter>
    </ClCompile>
    <ClCompile Include="Source\RDomain\RModel\Consequence\RBuildingDamageModel.cpp">
      <Filter>Source Files</Filter>
    </ClCompile>
    <ClCompile Include="Source\RDomain\RModel\Infrastructure\Building\RBuildingFatalityCostModel.cpp">
      <Filter>Source Files</Filter>
    </ClCompile>
    <ClCompile Include="Source\RDomain\RModel\Infrastructure\Building\RBuildingInformationModel.cpp">
      <Filter>Source Files</Filter>
    </ClCompile>
    <ClCompile Include="Source\RDomain\RModel\Infrastructure\Building\RBuildingInspectionCostModel.cpp">
      <Filter>Source Files</Filter>
    </ClCompile>
    <ClCompile Include="Source\RDomain\RModel\Infrastructure\Building\RBuildingInspectionTimeModel.cpp">
      <Filter>Source Files</Filter>
    </ClCompile>
    <ClCompile Include="Source\RDomain\RModel\Infrastructure\Building\RBuildingRelocationModel.cpp">
      <Filter>Source Files</Filter>
    </ClCompile>
    <ClCompile Include="Source\RDomain\RModel\Consequence\RBuildingRepairCostModel.cpp">
      <Filter>Source Files</Filter>
    </ClCompile>
    <ClCompile Include="Source\RDomain\RModel\Infrastructure\Building\RBuildingRepairMobilizationCostModel.cpp">
      <Filter>Source Files</Filter>
    </ClCompile>
    <ClCompile Include="Source\RDomain\RModel\Infrastructure\Building\RBuildingRepairMobilizationTimeModel.cpp">
      <Filter>Source Files</Filter>
    </ClCompile>
    <ClCompile Include="Source\RDomain\RModel\Infrastructure\Building\RBuildingRepairTimeModel.cpp">
      <Filter>Source Files</Filter>
    </ClCompile>
    <ClCompile Include="Source\RDomain\RModel\Infrastructure\Building\RBuildingResponseModel.cpp">
      <Filter>Source Files</Filter>
    </ClCompile>
    <ClCompile Include="Source\RDomain\RModel\Infrastructure\Building\RBuildingRestorationModel.cpp">
      <Filter>Source Files</Filter>
    </ClCompile>
    <ClCompile Include="Source\RDomain\RModel\Infrastructure\Building\RBuildingSearchAndRescueCostModel.cpp">
      <Filter>Source Files</Filter>
    </ClCompile>
    <ClCompile Include="Source\RDomain\RModel\Infrastructure\Building\RBuildingSearchAndRescueTimeModel.cpp">
      <Filter>Source Files</Filter>
    </ClCompile>
    <ClCompile Include="Source\RDomain\RModel\Infrastructure\Building\RBuildingUtilityModel.cpp">
      <Filter>Source Files</Filter>
    </ClCompile>
    <ClCompile Include="Source\RDomain\RModel\Hazard\RCampbellBozorgnia2008IntensityModel.cpp">
      <Filter>Source Files</Filter>
    </ClCompile>
    <ClCompile Include="Source\RDomain\RModel\Hazard\RCampbellBozorgnia2013IntensityModel.cpp">
      <Filter>Source Files</Filter>
    </ClCompile>
    <ClCompile Include="Source\RGUI\RPropertyWidget\RDelegate\RCheckBoxTableDelegate.cpp">
      <Filter>Source Files</Filter>
    </ClCompile>
    <ClCompile Include="Source\RDomain\RModel\Hazard\RChiouYoungs2008IntensityModel.cpp">
      <Filter>Source Files</Filter>
    </ClCompile>
    <ClCompile Include="Source\RDomain\RModel\Hazard\RChiouYoungs2013IntensityModel.cpp">
      <Filter>Source Files</Filter>
    </ClCompile>
    <ClCompile Include="Source\RDomain\RModel\Hazard\RCircularAreaSourceModel.cpp">
      <Filter>Source Files</Filter>
    </ClCompile>
    <ClCompile Include="Source\RGUI\RPropertyWidget\RDelegate\RColorComboBoxTableDelegate.cpp">
      <Filter>Source Files</Filter>
    </ClCompile>
    <ClCompile Include="Source\RGUI\RPropertyWidget\RDelegate\RComboBoxTableDelegate.cpp">
      <Filter>Source Files</Filter>
    </ClCompile>
    <ClCompile Include="Source\RDomain\RParameter\RResponse\RCommandResponse.cpp">
      <Filter>Source Files</Filter>
    </ClCompile>
    <ClCompile Include="Source\RDomain\RModel\Infrastructure\Commercial\RCommercialInformationModel.cpp">
      <Filter>Source Files</Filter>
    </ClCompile>
    <ClCompile Include="Source\RDomain\RModel\Infrastructure\Commercial\RCommercialLossModel.cpp">
      <Filter>Source Files</Filter>
    </ClCompile>
    <ClCompile Include="Source\RDomain\RModel\Consequence\RComponentLossModel.cpp">
      <Filter>Source Files</Filter>
    </ClCompile>
    <ClCompile Include="Source\RDomain\RModel\Consequence\RConcreteIntermediateMomentFrameInteriorJointDamageModel.cpp">
      <Filter>Source Files</Filter>
    </ClCompile>
    <ClCompile Include="Source\RDomain\RModel\Consequence\RConcreteMomentFrameExteriorJointDamageModel.cpp">
      <Filter>Source Files</Filter>
    </ClCompile>
    <ClCompile Include="Source\RDomain\RModel\Consequence\RConcreteSpecialMomentFrameInteriorJointDamageModel.cpp">
      <Filter>Source Files</Filter>
    </ClCompile>
    <ClCompile Include="Source\RDomain\RParameter\RConstant\RConstant.cpp">
      <Filter>Source Files</Filter>
    </ClCompile>
    <ClCompile Include="Source\RDomain\RParameter\RDecisionVariable\RContinuousDecisionVariable.cpp">
      <Filter>Source Files</Filter>
    </ClCompile>
    <ClCompile Include="Source\RAnalysis\RConvergenceChecker\RConvergenceChecker.cpp">
      <Filter>Source Files</Filter>
    </ClCompile>
    <ClCompile Include="Source\RDomain\RParameter\RCorrelation\RCorrelation.cpp">
      <Filter>Source Files</Filter>
    </ClCompile>
    <ClCompile Include="Source\RDomain\RModel\Consequence\RCurtainWallDamageModel.cpp">
      <Filter>Source Files</Filter>
    </ClCompile>
    <ClCompile Include="Source\RDomain\RParameter\RResponse\RDatabaseResponse.cpp">
      <Filter>Source Files</Filter>
    </ClCompile>
    <ClCompile Include="Source\RGUI\RPropertyWidget\RDelegate\RDateTimeDelegate.cpp">
      <Filter>Source Files</Filter>
    </ClCompile>
    <ClCompile Include="Source\RDomain\RParameter\RDecisionVariable\RDecisionVariable.cpp">
      <Filter>Source Files</Filter>
    </ClCompile>
    <ClCompile Include="Source\RDomain\RModel\Consequence\RDetailedBuildingLifeCycleEnergyUsageModel.cpp">
      <Filter>Source Files</Filter>
    </ClCompile>
    <ClCompile Include="Source\RDomain\RModel\Consequence\RDetailedBuildingLifeCycleGWPModel.cpp">
      <Filter>Source Files</Filter>
    </ClCompile>
    <ClCompile Include="Source\RDomain\RModel\Consequence\RDetailedBuildingLifeCycleWaterUsageModel.cpp">
      <Filter>Source Files</Filter>
    </ClCompile>
    <ClCompile Include="Source\RDomain\RModel\Consequence\RDiscountingModel.cpp">
      <Filter>Source Files</Filter>
    </ClCompile>
    <ClCompile Include="Source\RAnalysis\RAnalyzer\RDiscreteEventSamplingAnalyzer.cpp">
      <Filter>Source Files</Filter>
    </ClCompile>
    <ClCompile Include="Source\RDomain\RDomain.cpp">
      <Filter>Source Files</Filter>
    </ClCompile>
    <ClCompile Include="Source\RDomain\RModel\Hazard\RDuWang2012IntensityModel.cpp">
      <Filter>Source Files</Filter>
    </ClCompile>
    <ClCompile Include="Source\RDomain\RModel\ExternalSoftware\REMMEModel.cpp">
      <Filter>Source Files</Filter>
    </ClCompile>
    <ClCompile Include="Source\RDomain\RModel\Event\REventModel.cpp">
      <Filter>Source Files</Filter>
    </ClCompile>
    <ClCompile Include="Source\Templates\RExampleAnalyzer.cpp">
      <Filter>Source Files</Filter>
    </ClCompile>
    <ClCompile Include="Source\Templates\RExampleModel.cpp">
      <Filter>Source Files</Filter>
    </ClCompile>
    <ClCompile Include="Source\RDomain\RModel\ExternalSoftware\RExternalSoftwareModel.cpp">
      <Filter>Source Files</Filter>
    </ClCompile>
    <ClCompile Include="Source\RDomain\RModel\ExternalSoftware\RExternalSoftwareModelOutputManager.cpp">
      <Filter>Source Files</Filter>
    </ClCompile>
    <ClCompile Include="Source\RAnalysis\RAnalyzer\RFORMAnalyzer.cpp">
      <Filter>Source Files</Filter>
    </ClCompile>
    <ClCompile Include="Source\RAnalysis\RAnalyzer\RFOSMAnalyzer.cpp">
      <Filter>Source Files</Filter>
    </ClCompile>
    <ClCompile Include="Source\RAnalysis\RAccumulator\RFailureProbabilityAccumulator.cpp">
      <Filter>Source Files</Filter>
    </ClCompile>
    <ClCompile Include="Source\RDomain\RModel\Consequence\RFemaNibsBridgeDamageModel.cpp">
      <Filter>Source Files</Filter>
    </ClCompile>
    <ClCompile Include="Source\RDomain\RModel\Consequence\RFemaNibsBuildingRepairCostModel.cpp">
      <Filter>Source Files</Filter>
    </ClCompile>
    <ClCompile Include="Source\RDomain\RParameter\RResponse\RFileResponse.cpp">
      <Filter>Source Files</Filter>
    </ClCompile>
    <ClCompile Include="Source\RAnalysis\RStepSizeSearcher\RFixedStepSizeSearcher.cpp">
      <Filter>Source Files</Filter>
    </ClCompile>
    <ClCompile Include="Source\RGUI\RFlowchartWidget\RFlowchartWidget.cpp">
      <Filter>Source Files</Filter>
    </ClCompile>
    <ClCompile Include="Source\RDomain\RFunction\RFunction.cpp">
      <Filter>Source Files</Filter>
    </ClCompile>
    <ClCompile Include="Source\RAnalysis\RAnalyzer\RFunctionEvaluationAnalyzer.cpp">
      <Filter>Source Files</Filter>
    </ClCompile>
    <ClCompile Include="Source\RGUI\RGLWidget\RGLWidget.cpp">
      <Filter>Source Files</Filter>
    </ClCompile>
    <ClCompile Include="Source\RGUI\RGLWidget\RGLWidgetEngine.cpp">
      <Filter>Source Files</Filter>
    </ClCompile>
    <ClCompile Include="Source\RDomain\RModel\Hazard\RGenericAttenuationModel.cpp">
      <Filter>Source Files</Filter>
    </ClCompile>
    <ClCompile Include="Source\RDomain\RParameter\RResponse\RGenericResponse.cpp">
      <Filter>Source Files</Filter>
    </ClCompile>
    <ClCompile Include="Source\RDomain\RModel\Consequence\RGypsumWallboardPartitionDamageModel.cpp">
      <Filter>Source Files</Filter>
    </ClCompile>
    <ClCompile Include="Source\RAnalysis\RStepDirectionSearcher\RHLRFStepDirectionSearcher.cpp">
      <Filter>Source Files</Filter>
    </ClCompile>
    <ClCompile Include="Source\RDomain\RModel\Infrastructure\Healthcare\RHealthcareCapacityModel.cpp">
      <Filter>Source Files</Filter>
    </ClCompile>
    <ClCompile Include="Source\RDomain\RModel\Infrastructure\Healthcare\RHealthcareDemandModel.cpp">
      <Filter>Source Files</Filter>
    </ClCompile>
    <ClCompile Include="Source\RDomain\RModel\Infrastructure\Healthcare\RHealthcareInformationModel.cpp">
      <Filter>Source Files</Filter>
    </ClCompile>
    <ClCompile Include="Source\RDomain\RModel\Infrastructure\Healthcare\RHealthcareRestorationModel.cpp">
      <Filter>Source Files</Filter>
    </ClCompile>
    <ClCompile Include="Source\RDomain\RModel\Infrastructure\Healthcare\RHealthcareTreatmentCostModel.cpp">
      <Filter>Source Files</Filter>
    </ClCompile>
    <ClCompile Include="Source\RDomain\RModel\Infrastructure\Healthcare\RHealthcareTreatmentTimeModel.cpp">
      <Filter>Source Files</Filter>
    </ClCompile>
    <ClCompile Include="Source\RAnalysis\RAccumulator\RHistogramAccumulator.cpp">
      <Filter>Source Files</Filter>
    </ClCompile>
    <ClCompile Include="Source\RDomain\RModel\Hazard\RIdriss2013IntensityModel.cpp">
      <Filter>Source Files</Filter>
    </ClCompile>
    <ClCompile Include="Source\RAnalysis\RRandomNumberGenerator\RIndependentNormalRandomNumberGenerator.cpp">
      <Filter>Source Files</Filter>
    </ClCompile>
    <ClCompile Include="Source\RDomain\RModel\Consequence\RInjurySocialLossModel.cpp">
      <Filter>Source Files</Filter>
    </ClCompile>
    <ClCompile Include="Source\RDomain\RModel\Hazard\RJoynerBoore1981IntensityModel.cpp">
      <Filter>Source Files</Filter>
    </ClCompile>
    <ClCompile Include="Source\RDomain\RModel\Consequence\RLifeQualityReductionModel.cpp">
      <Filter>Source Files</Filter>
    </ClCompile>
    <ClCompile Include="Source\RAnalysis\RAnalyzer\RLoadCoincidenceAnalyzer.cpp">
      <Filter>Source Files</Filter>
    </ClCompile>
    <ClCompile Include="Source\RDomain\RParameter\RLocation\RLocation.cpp">
      <Filter>Source Files</Filter>
    </ClCompile>
    <ClCompile Include="Source\RDomain\RParameter\RResponse\RLocationResponse.cpp">
      <Filter>Source Files</Filter>
    </ClCompile>
    <ClCompile Include="Source\RGUI\RMain.cpp">
      <Filter>Source Files</Filter>
    </ClCompile>
    <ClCompile Include="Source\RGUI\RMainWindow.cpp">
      <Filter>Source Files</Filter>
    </ClCompile>
    <ClCompile Include="Source\RGUI\RMapWidget\RMapWidget.cpp">
      <Filter>Source Files</Filter>
    </ClCompile>
    <ClCompile Include="Source\RDomain\RModel\Consequence\RMasonryBuildingDamageModel.cpp">
      <Filter>Source Files</Filter>
    </ClCompile>
    <ClCompile Include="Source\RDomain\RModel\Consequence\RMasonryBuildingRetrofitCostModel.cpp">
      <Filter>Source Files</Filter>
    </ClCompile>
    <ClCompile Include="Source\RDomain\RModel\ExternalSoftware\RMatlabModel.cpp">
      <Filter>Source Files</Filter>
    </ClCompile>
    <ClCompile Include="Source\RAnalysis\RMeritChecker\RMeritChecker.cpp">
      <Filter>Source Files</Filter>
    </ClCompile>
    <ClCompile Include="Source\RDomain\RModel\RModel.cpp">
      <Filter>Source Files</Filter>
    </ClCompile>
    <ClCompile Include="Source\RGUI\RModelInferenceDialog\RModelInferenceDialog.cpp">
      <Filter>Source Files</Filter>
    </ClCompile>
    <ClCompile Include="Source\RDomain\RModel\Hazard\RMomentMagnitudeModel.cpp">
      <Filter>Source Files</Filter>
    </ClCompile>
    <ClCompile Include="Source\RDomain\RModel\Hazard\RMultipointLineSourceModel.cpp">
      <Filter>Source Files</Filter>
    </ClCompile>
    <ClCompile Include="Source\RAnalysis\RTransformer\RNatafTransformer.cpp">
      <Filter>Source Files</Filter>
    </ClCompile>
    <ClCompile Include="Source\RAnalysis\RTransformer\RNoCorrelationTransformer.cpp">
      <Filter>Source Files</Filter>
    </ClCompile>
    <ClCompile Include="Source\RAnalysis\RNonlinSingleConstrSolver\RNonlinSingleConstrSolver.cpp">
      <Filter>Source Files</Filter>
    </ClCompile>
    <ClCompile Include="Source\RDomain\RObject.cpp">
      <Filter>Source Files</Filter>
    </ClCompile>
    <ClCompile Include="Source\RGUI\RObjectWidget\RObjectWidget.cpp">
      <Filter>Source Files</Filter>
    </ClCompile>
    <ClCompile Include="Source\RDomain\RModel\Occurrence\ROccurrenceModel.cpp">
      <Filter>Source Files</Filter>
    </ClCompile>
    <ClCompile Include="Source\RDomain\RModel\ExternalSoftware\ROpenSeesModel.cpp">
      <Filter>Source Files</Filter>
    </ClCompile>
    <ClCompile Include="Source\RDomain\RModel\Event\Operation\ROperationEventType1Model.cpp">
      <Filter>Source Files</Filter>
    </ClCompile>
    <ClCompile Include="Source\RDomain\RModel\Event\Operation\ROperationEventType2Model.cpp">
      <Filter>Source Files</Filter>
    </ClCompile>
    <ClCompile Include="Source\RMPI\ROutputManager.cpp">
      <Filter>Source Files</Filter>
    </ClCompile>
    <ClCompile Include="Source\RMPI\RParallelComputationManager.cpp">
      <Filter>Source Files</Filter>
    </ClCompile>
    <ClCompile Include="Source\RMPI\RParallelComputerInterface.cpp">
      <Filter>Source Files</Filter>
    </ClCompile>
    <ClCompile Include="Source\RMPI\RParallelProcessor.cpp">
      <Filter>Source Files</Filter>
    </ClCompile>
    <ClCompile Include="Source\RDomain\RParameter\RParameter.cpp">
      <Filter>Source Files</Filter>
    </ClCompile>
    <ClCompile Include="Source\RGUI\RParametricAnalysisDialog\RParametricAnalysisDialog.cpp">
      <Filter>Source Files</Filter>
    </ClCompile>
    <ClCompile Include="Source\RGUI\RPlotWidget\RPlotWidget.cpp">
      <Filter>Source Files</Filter>
    </ClCompile>
    <ClCompile Include="Source\RDomain\RModel\Occurrence\RPoissonPulseProcessModel.cpp">
      <Filter>Source Files</Filter>
    </ClCompile>
    <ClCompile Include="Source\RDomain\RModel\Hazard\RPolygonalAreaSourceModel.cpp">
      <Filter>Source Files</Filter>
    </ClCompile>
    <ClCompile Include="Source\RDomain\RModel\Consequence\RPopulationDensityModel.cpp">
      <Filter>Source Files</Filter>
    </ClCompile>
    <ClCompile Include="Source\RDomain\RModel\Infrastructure\Power\RPowerStationDamageModel.cpp">
      <Filter>Source Files</Filter>
    </ClCompile>
    <ClCompile Include="Source\RDomain\RModel\Infrastructure\Power\RPowerStationInformationModel.cpp">
      <Filter>Source Files</Filter>
    </ClCompile>
    <ClCompile Include="Source\RDomain\RModel\Infrastructure\Power\RPowerStationInspectionCostModel.cpp">
      <Filter>Source Files</Filter>
    </ClCompile>
    <ClCompile Include="Source\RDomain\RModel\Infrastructure\Power\RPowerStationInspectionTimeModel.cpp">
      <Filter>Source Files</Filter>
    </ClCompile>
    <ClCompile Include="Source\RDomain\RModel\Infrastructure\Power\RPowerStationRepairCostModel.cpp">
      <Filter>Source Files</Filter>
    </ClCompile>
    <ClCompile Include="Source\RDomain\RModel\Infrastructure\Power\RPowerStationRepairTimeModel.cpp">
      <Filter>Source Files</Filter>
    </ClCompile>
    <ClCompile Include="Source\RDomain\RModel\Infrastructure\Power\RPowerStationServiceabilityModel.cpp">
      <Filter>Source Files</Filter>
    </ClCompile>
    <ClCompile Include="Source\RGUI\RPropertyWidget\RPropertyWidget.cpp">
      <Filter>Source Files</Filter>
    </ClCompile>
    <ClCompile Include="Source\RDomain\RModel\Hazard\RQuadrilateralAreaSourceModel.cpp">
      <Filter>Source Files</Filter>
    </ClCompile>
    <ClCompile Include="Source\RAnalysis\RRandomNumberGenerator\RRandomNumberGenerator.cpp">
      <Filter>Source Files</Filter>
    </ClCompile>
    <ClCompile Include="Source\RDomain\RParameter\RRandomVariable\RRandomVariable.cpp">
      <Filter>Source Files</Filter>
    </ClCompile>
    <ClCompile Include="Source\RDomain\RModel\Generic\RRandomVariableWithRandomParametersModel.cpp">
      <Filter>Source Files</Filter>
    </ClCompile>
    <ClCompile Include="Source\RDomain\RModel\Hazard\RRectangularAreaSourceModel.cpp">
      <Filter>Source Files</Filter>
    </ClCompile>
    <ClCompile Include="Source\RDomain\RModel\Consequence\RRegionalLossModel.cpp">
      <Filter>Source Files</Filter>
    </ClCompile>
    <ClCompile Include="Source\RDomain\RModel\Consequence\RRelocationCostModel.cpp">
      <Filter>Source Files</Filter>
    </ClCompile>
    <ClCompile Include="Source\RDomain\RParameter\RResponse\RResponse.cpp">
      <Filter>Source Files</Filter>
    </ClCompile>
    <ClCompile Include="Source\RDomain\RModel\Hazard\RRezaeianDerKiureghianArtificialGroundMotionModel.cpp">
      <Filter>Source Files</Filter>
    </ClCompile>
    <ClCompile Include="Source\RDomain\RModel\Generic\RRootFindingModel.cpp">
      <Filter>Source Files</Filter>
    </ClCompile>
    <ClCompile Include="Source\RDomain\RModel\ExternalSoftware\RSAP2000Model.cpp">
      <Filter>Source Files</Filter>
    </ClCompile>
    <ClCompile Include="Source\RAnalysis\RAnalyzer\RSamplingAnalyzer.cpp">
      <Filter>Source Files</Filter>
    </ClCompile>
    <ClCompile Include="Source\RAnalysis\RAnalyzer\RScenarioSamplingAnalyzer.cpp">
      <Filter>Source Files</Filter>
    </ClCompile>
    <ClCompile Include="Source\RDomain\RModel\Generic\RScriptModel.cpp">
      <Filter>Source Files</Filter>
    </ClCompile>
    <ClCompile Include="Source\RDomain\RModel\Consequence\RSimpleBuildingLifeCycleEnergyUsageModel.cpp">
      <Filter>Source Files</Filter>
    </ClCompile>
    <ClCompile Include="Source\RDomain\RModel\Consequence\RSimpleBuildingLifeCycleGWPModel.cpp">
      <Filter>Source Files</Filter>
    </ClCompile>
    <ClCompile Include="Source\RDomain\RModel\Consequence\RSimpleBuildingLifeCycleWaterUsageModel.cpp">
      <Filter>Source Files</Filter>
    </ClCompile>
    <ClCompile Include="Source\RDomain\RModel\Consequence\RSimpleBuildingRepairCostModel.cpp">
      <Filter>Source Files</Filter>
    </ClCompile>
    <ClCompile Include="Source\RDomain\RModel\Consequence\RSimpleDamageCurveModel.cpp">
      <Filter>Source Files</Filter>
    </ClCompile>
    <ClCompile Include="Source\RDomain\RModel\Infrastructure\Building\RSimpleDeteriorationModel.cpp">
      <Filter>Source Files</Filter>
    </ClCompile>
    <ClCompile Include="Source\RDomain\RModel\Hazard\RSimpleSnowLoadModel.cpp">
      <Filter>Source Files</Filter>
    </ClCompile>
    <ClCompile Include="Source\RDomain\RModel\Hazard\RSimpleWindPressureModel.cpp">
      <Filter>Source Files</Filter>
    </ClCompile>
    <ClCompile Include="Source\RDomain\RModel\Hazard\RSimpleWindVelocityModel.cpp">
      <Filter>Source Files</Filter>
    </ClCompile>
    <ClCompile Include="Source\RDomain\RModel\Hazard\RSingleLineSourceModel.cpp">
      <Filter>Source Files</Filter>
    </ClCompile>
    <ClCompile Include="Source\RDomain\RModel\Infrastructure\Building\RSoilStructureInteractionModel.cpp">
      <Filter>Source Files</Filter>
    </ClCompile>
    <ClCompile Include="Source\RDomain\RModel\Infrastructure\RStModel.cpp">
      <Filter>Source Files</Filter>
    </ClCompile>
    <ClCompile Include="Source\RAnalysis\RConvergenceChecker\RStandardConvergenceChecker.cpp">
      <Filter>Source Files</Filter>
    </ClCompile>
    <ClCompile Include="Source\RAnalysis\RStepDirectionSearcher\RStepDirectionSearcher.cpp">
      <Filter>Source Files</Filter>
    </ClCompile>
    <ClCompile Include="Source\RAnalysis\RStepSizeSearcher\RStepSizeSearcher.cpp">
      <Filter>Source Files</Filter>
    </ClCompile>
    <ClCompile Include="Source\RAnalysis\RNonlinSingleConstrSolver\RStepperNonlinSingleConstrSolver.cpp">
      <Filter>Source Files</Filter>
    </ClCompile>
    <ClCompile Include="Source\RDomain\RModel\Consequence\RSuspendedCeilingDamageModel.cpp">
      <Filter>Source Files</Filter>
    </ClCompile>
    <ClCompile Include="Source\RMPI\RThread.cpp">
      <Filter>Source Files</Filter>
    </ClCompile>
    <ClCompile Include="Source\RDomain\RParameter\RTime\RTime.cpp">
      <Filter>Source Files</Filter>
    </ClCompile>
    <ClCompile Include="Source\RDomain\RModel\Event\Time\RTimeEventType1Model.cpp">
      <Filter>Source Files</Filter>
    </ClCompile>
    <ClCompile Include="Source\RDomain\RModel\Event\Time\RTimeEventType2Model.cpp">
      <Filter>Source Files</Filter>
    </ClCompile>
    <ClCompile Include="Source\RDomain\RModel\Consequence\RTractionElevatorDamageModel.cpp">
      <Filter>Source Files</Filter>
    </ClCompile>
    <ClCompile Include="Source\RAnalysis\RTransformer\RTransformer.cpp">
      <Filter>Source Files</Filter>
    </ClCompile>
    <ClCompile Include="Source\RDomain\RModel\ExternalSoftware\RUSFOSModel.cpp">
      <Filter>Source Files</Filter>
    </ClCompile>
    <ClCompile Include="Source\RGUI\RVariableInferenceDialog\RVariableInferenceDialog.cpp">
      <Filter>Source Files</Filter>
    </ClCompile>
    <ClCompile Include="Source\RDomain\RModel\Infrastructure\Water\RWaterStationDamageModel.cpp">
      <Filter>Source Files</Filter>
    </ClCompile>
    <ClCompile Include="Source\RDomain\RModel\Infrastructure\Water\RWaterStationFunctionalityModel.cpp">
      <Filter>Source Files</Filter>
    </ClCompile>
    <ClCompile Include="Source\RDomain\RModel\Infrastructure\Water\RWaterStationInformationModel.cpp">
      <Filter>Source Files</Filter>
    </ClCompile>
    <ClCompile Include="Source\RDomain\RModel\Infrastructure\Water\RWaterStationInspectionCostModel.cpp">
      <Filter>Source Files</Filter>
    </ClCompile>
    <ClCompile Include="Source\RDomain\RModel\Infrastructure\Water\RWaterStationInspectionTimeModel.cpp">
      <Filter>Source Files</Filter>
    </ClCompile>
    <ClCompile Include="Source\RDomain\RModel\Infrastructure\Water\RWaterStationRepairCostModel.cpp">
      <Filter>Source Files</Filter>
    </ClCompile>
    <ClCompile Include="Source\RDomain\RModel\Infrastructure\Water\RWaterStationRepairTimeModel.cpp">
      <Filter>Source Files</Filter>
    </ClCompile>
    <ClCompile Include="Source\RDomain\RModel\Infrastructure\Water\RWaterStationServiceabilityModel.cpp">
      <Filter>Source Files</Filter>
    </ClCompile>
    <ClCompile Include="Source\RDomain\RModel\Infrastructure\St\SAssembler.cpp">
      <Filter>Source Files</Filter>
    </ClCompile>
    <ClCompile Include="Source\RDomain\RModel\Infrastructure\St\SElement.cpp">
      <Filter>Source Files</Filter>
    </ClCompile>
    <ClCompile Include="Source\RDomain\RModel\Infrastructure\St\SFixedNode.cpp">
      <Filter>Source Files</Filter>
    </ClCompile>
    <ClCompile Include="Source\RDomain\RModel\Infrastructure\St\SFrameElement.cpp">
      <Filter>Source Files</Filter>
    </ClCompile>
    <ClCompile Include="Source\RDomain\RModel\Infrastructure\St\SGenericSection.cpp">
      <Filter>Source Files</Filter>
    </ClCompile>
    <ClCompile Include="Source\RDomain\RModel\Infrastructure\St\SLUSolver.cpp">
      <Filter>Source Files</Filter>
    </ClCompile>
    <ClCompile Include="Source\RDomain\RModel\Infrastructure\St\SMaterial.cpp">
      <Filter>Source Files</Filter>
    </ClCompile>
    <ClCompile Include="Source\RDomain\RModel\Infrastructure\St\SMember.cpp">
      <Filter>Source Files</Filter>
    </ClCompile>
    <ClCompile Include="Source\RDomain\RModel\Infrastructure\St\SNodalLoad.cpp">
      <Filter>Source Files</Filter>
    </ClCompile>
    <ClCompile Include="Source\RDomain\RModel\Infrastructure\St\SNode.cpp">
      <Filter>Source Files</Filter>
    </ClCompile>
    <ClCompile Include="Source\RDomain\RModel\Infrastructure\St\SQuad4Element.cpp">
      <Filter>Source Files</Filter>
    </ClCompile>
    <ClCompile Include="Source\RDomain\RModel\Infrastructure\St\SRectangularSection.cpp">
      <Filter>Source Files</Filter>
    </ClCompile>
    <ClCompile Include="Source\RDomain\RModel\Infrastructure\St\SRigidLink.cpp">
      <Filter>Source Files</Filter>
    </ClCompile>
    <ClCompile Include="Source\RDomain\RModel\Infrastructure\St\SSOESolver.cpp">
      <Filter>Source Files</Filter>
    </ClCompile>
    <ClCompile Include="Source\RDomain\RModel\Infrastructure\St\SSection.cpp">
      <Filter>Source Files</Filter>
    </ClCompile>
    <ClCompile Include="Source\RDomain\RModel\Infrastructure\St\STransformationMatrixAssembler.cpp">
      <Filter>Source Files</Filter>
    </ClCompile>
    <ClCompile Include="Source\RDomain\RModel\Infrastructure\St\STrussElement.cpp">
      <Filter>Source Files</Filter>
    </ClCompile>
    <ClCompile Include="Source\RDomain\RModel\Infrastructure\St\SWallMember.cpp">
      <Filter>Source Files</Filter>
    </ClCompile>
    <ClCompile Include="Source\Tools\Sparse\Sparse.cpp">
      <Filter>Source Files</Filter>
    </ClCompile>
    <ClCompile Include="Source\Tools\MuParser\muParser.cpp">
      <Filter>Source Files</Filter>
    </ClCompile>
    <ClCompile Include="Source\Tools\MuParser\muParserBase.cpp">
      <Filter>Source Files</Filter>
    </ClCompile>
    <ClCompile Include="Source\Tools\MuParser\muParserBytecode.cpp">
      <Filter>Source Files</Filter>
    </ClCompile>
    <ClCompile Include="Source\Tools\MuParser\muParserCallback.cpp">
      <Filter>Source Files</Filter>
    </ClCompile>
    <ClCompile Include="Source\Tools\MuParser\muParserComplex.cpp">
      <Filter>Source Files</Filter>
    </ClCompile>
    <ClCompile Include="Source\Tools\MuParser\muParserDLL.cpp">
      <Filter>Source Files</Filter>
    </ClCompile>
    <ClCompile Include="Source\Tools\MuParser\muParserError.cpp">
      <Filter>Source Files</Filter>
    </ClCompile>
    <ClCompile Include="Source\Tools\MuParser\muParserInt.cpp">
      <Filter>Source Files</Filter>
    </ClCompile>
    <ClCompile Include="Source\Tools\MuParser\muParserTokenReader.cpp">
      <Filter>Source Files</Filter>
    </ClCompile>
    <ClCompile Include="Source\RGUI\RPlotWidget\qcustomplot.cpp">
      <Filter>Source Files</Filter>
    </ClCompile>
    <ClCompile Include="Source\RAnalysis\RAnalyzer\RSORMAnalyzer.cpp">
      <Filter>Generated Files</Filter>
    </ClCompile>
    <ClCompile Include="Source\RDomain\RParameter\RRandomVariable\RContinuousRandomVariable.cpp">
      <Filter>Source Files</Filter>
    </ClCompile>
  </ItemGroup>
  <ItemGroup>
    <QtMoc Include="Source\RGUI\RPropertyWidget\RDelegate\QtColorComboBox.h">
      <Filter>Header Files</Filter>
    </QtMoc>
    <QtMoc Include="Source\RDomain\RModel\ExternalSoftware\RANSYSModel.h">
      <Filter>Header Files</Filter>
    </QtMoc>
    <QtMoc Include="Source\RDomain\RModel\ExternalSoftware\RAbaqusModel.h">
      <Filter>Header Files</Filter>
    </QtMoc>
    <QtMoc Include="Source\RGUI\RAboutDialog\RAboutDialog.h">
      <Filter>Header Files</Filter>
    </QtMoc>
    <QtMoc Include="Source\RDomain\RModel\Hazard\RAbrahamsonEtAl2013IntensityModel.h">
      <Filter>Header Files</Filter>
    </QtMoc>
    <QtMoc Include="Source\RDomain\RModel\Hazard\RAbrahamsonSilva2008IntensityModel.h">
      <Filter>Header Files</Filter>
    </QtMoc>
    <ClInclude Include="Source\RMPI\RAccumulationThread.h">
      <Filter>Header Files</Filter>
    </ClInclude>
    <QtMoc Include="Source\RAnalysis\RAccumulator\RAccumulator.h">
      <Filter>Header Files</Filter>
    </QtMoc>
    <QtMoc Include="Source\RAnalysis\RMeritChecker\RAdkZhangMeritChecker.h">
      <Filter>Header Files</Filter>
    </QtMoc>
    <QtMoc Include="Source\RGUI\RObjectWidget\RAggregationObjectWidget.h">
      <Filter>Header Files</Filter>
    </QtMoc>
    <QtMoc Include="Source\RDomain\RModel\Generic\RAlgebraicExpressionModel.h">
      <Filter>Header Files</Filter>
    </QtMoc>
    <QtMoc Include="Source\RGUI\RAnalysisDialog\RAnalysisDialog.h">
      <Filter>Header Files</Filter>
    </QtMoc>
    <QtMoc Include="Source\RAnalysis\RAnalyzer\RAnalyzer.h">
      <Filter>Header Files</Filter>
    </QtMoc>
    <QtMoc Include="Source\RAnalysis\RStepSizeSearcher\RArmijoStepSizeSearcher.h">
      <Filter>Header Files</Filter>
    </QtMoc>
    <ClInclude Include="Source\RMPI\RAsynchronousAccumulator.h">
      <Filter>Header Files</Filter>
    </ClInclude>
    <QtMoc Include="Source\RDomain\RModel\Hazard\RAtkinson1997IntensityModel.h">
      <Filter>Header Files</Filter>
    </QtMoc>
    <QtMoc Include="Source\RDomain\RModel\Hazard\RAtkinsonBoore2003IntensityModel.h">
      <Filter>Header Files</Filter>
    </QtMoc>
    <QtMoc Include="Source\RDomain\RModel\Hazard\RBooreAtkinson2008IntensityModel.h">
      <Filter>Header Files</Filter>
    </QtMoc>
    <QtMoc Include="Source\RDomain\RModel\Hazard\RBooreEtAl2013IntensityModel.h">
      <Filter>Header Files</Filter>
    </QtMoc>
    <QtMoc Include="Source\RDomain\RModel\Hazard\RBoundedExponentialMagnitudeModel.h">
      <Filter>Header Files</Filter>
    </QtMoc>
    <QtMoc Include="Source\RDomain\RModel\Infrastructure\Building\RBuildingCasualtyModel.h">
      <Filter>Header Files</Filter>
    </QtMoc>
    <QtMoc Include="Source\RDomain\RModel\Consequence\RBuildingDamageModel.h">
      <Filter>Header Files</Filter>
    </QtMoc>
    <QtMoc Include="Source\RDomain\RModel\Infrastructure\Building\RBuildingFatalityCostModel.h">
      <Filter>Header Files</Filter>
    </QtMoc>
    <QtMoc Include="Source\RDomain\RModel\Infrastructure\Building\RBuildingInformationModel.h">
      <Filter>Header Files</Filter>
    </QtMoc>
    <QtMoc Include="Source\RDomain\RModel\Infrastructure\Building\RBuildingInspectionCostModel.h">
      <Filter>Header Files</Filter>
    </QtMoc>
    <QtMoc Include="Source\RDomain\RModel\Infrastructure\Building\RBuildingInspectionTimeModel.h">
      <Filter>Header Files</Filter>
    </QtMoc>
    <QtMoc Include="Source\RDomain\RModel\Infrastructure\Building\RBuildingRelocationModel.h">
      <Filter>Header Files</Filter>
    </QtMoc>
    <QtMoc Include="Source\RDomain\RModel\Consequence\RBuildingRepairCostModel.h">
      <Filter>Header Files</Filter>
    </QtMoc>
    <QtMoc Include="Source\RDomain\RModel\Infrastructure\Building\RBuildingRepairMobilizationCostModel.h">
      <Filter>Header Files</Filter>
    </QtMoc>
    <QtMoc Include="Source\RDomain\RModel\Infrastructure\Building\RBuildingRepairMobilizationTimeModel.h">
      <Filter>Header Files</Filter>
    </QtMoc>
    <QtMoc Include="Source\RDomain\RModel\Infrastructure\Building\RBuildingRepairTimeModel.h">
      <Filter>Header Files</Filter>
    </QtMoc>
    <QtMoc Include="Source\RDomain\RModel\Infrastructure\Building\RBuildingResponseModel.h">
      <Filter>Header Files</Filter>
    </QtMoc>
    <QtMoc Include="Source\RDomain\RModel\Infrastructure\Building\RBuildingRestorationModel.h">
      <Filter>Header Files</Filter>
    </QtMoc>
    <QtMoc Include="Source\RDomain\RModel\Infrastructure\Building\RBuildingSearchAndRescueCostModel.h">
      <Filter>Header Files</Filter>
    </QtMoc>
    <QtMoc Include="Source\RDomain\RModel\Infrastructure\Building\RBuildingSearchAndRescueTimeModel.h">
      <Filter>Header Files</Filter>
    </QtMoc>
    <QtMoc Include="Source\RDomain\RModel\Infrastructure\Building\RBuildingUtilityModel.h">
      <Filter>Header Files</Filter>
    </QtMoc>
    <QtMoc Include="Source\RDomain\RModel\Hazard\RCampbellBozorgnia2008IntensityModel.h">
      <Filter>Header Files</Filter>
    </QtMoc>
    <QtMoc Include="Source\RDomain\RModel\Hazard\RCampbellBozorgnia2013IntensityModel.h">
      <Filter>Header Files</Filter>
    </QtMoc>
    <QtMoc Include="Source\RGUI\RPropertyWidget\RDelegate\RCheckBoxTableDelegate.h">
      <Filter>Header Files</Filter>
    </QtMoc>
    <QtMoc Include="Source\RDomain\RModel\Hazard\RChiouYoungs2008IntensityModel.h">
      <Filter>Header Files</Filter>
    </QtMoc>
    <QtMoc Include="Source\RDomain\RModel\Hazard\RChiouYoungs2013IntensityModel.h">
      <Filter>Header Files</Filter>
    </QtMoc>
    <QtMoc Include="Source\RDomain\RModel\Hazard\RCircularAreaSourceModel.h">
      <Filter>Header Files</Filter>
    </QtMoc>
    <QtMoc Include="Source\RGUI\RPropertyWidget\RDelegate\RColorComboBoxTableDelegate.h">
      <Filter>Header Files</Filter>
    </QtMoc>
    <QtMoc Include="Source\RGUI\RPropertyWidget\RDelegate\RComboBoxTableDelegate.h">
      <Filter>Header Files</Filter>
    </QtMoc>
    <QtMoc Include="Source\RDomain\RParameter\RResponse\RCommandResponse.h">
      <Filter>Header Files</Filter>
    </QtMoc>
    <QtMoc Include="Source\RDomain\RModel\Infrastructure\Commercial\RCommercialInformationModel.h">
      <Filter>Header Files</Filter>
    </QtMoc>
    <QtMoc Include="Source\RDomain\RModel\Infrastructure\Commercial\RCommercialLossModel.h">
      <Filter>Header Files</Filter>
    </QtMoc>
    <QtMoc Include="Source\RDomain\RModel\Consequence\RComponentLossModel.h">
      <Filter>Header Files</Filter>
    </QtMoc>
    <QtMoc Include="Source\RDomain\RModel\Consequence\RConcreteIntermediateMomentFrameInteriorJointDamageModel.h">
      <Filter>Header Files</Filter>
    </QtMoc>
    <QtMoc Include="Source\RDomain\RModel\Consequence\RConcreteMomentFrameExteriorJointDamageModel.h">
      <Filter>Header Files</Filter>
    </QtMoc>
    <QtMoc Include="Source\RDomain\RModel\Consequence\RConcreteSpecialMomentFrameInteriorJointDamageModel.h">
      <Filter>Header Files</Filter>
    </QtMoc>
    <QtMoc Include="Source\RDomain\RParameter\RConstant\RConstant.h">
      <Filter>Header Files</Filter>
    </QtMoc>
    <QtMoc Include="Source\RDomain\RParameter\RDecisionVariable\RContinuousDecisionVariable.h">
      <Filter>Header Files</Filter>
    </QtMoc>
    <QtMoc Include="Source\RDomain\RParameter\RRandomVariable\RContinuousRandomVariable.h">
      <Filter>Header Files</Filter>
    </QtMoc>
    <QtMoc Include="Source\RAnalysis\RConvergenceChecker\RConvergenceChecker.h">
      <Filter>Header Files</Filter>
    </QtMoc>
    <QtMoc Include="Source\RDomain\RParameter\RCorrelation\RCorrelation.h">
      <Filter>Header Files</Filter>
    </QtMoc>
    <QtMoc Include="Source\RDomain\RModel\Consequence\RCurtainWallDamageModel.h">
      <Filter>Header Files</Filter>
    </QtMoc>
    <QtMoc Include="Source\RDomain\RParameter\RResponse\RDatabaseResponse.h">
      <Filter>Header Files</Filter>
    </QtMoc>
    <QtMoc Include="Source\RGUI\RPropertyWidget\RDelegate\RDateTimeDelegate.h">
      <Filter>Header Files</Filter>
    </QtMoc>
    <QtMoc Include="Source\RDomain\RParameter\RDecisionVariable\RDecisionVariable.h">
      <Filter>Header Files</Filter>
    </QtMoc>
    <QtMoc Include="Source\RDomain\RModel\Consequence\RDetailedBuildingLifeCycleEnergyUsageModel.h">
      <Filter>Header Files</Filter>
    </QtMoc>
    <QtMoc Include="Source\RDomain\RModel\Consequence\RDetailedBuildingLifeCycleGWPModel.h">
      <Filter>Header Files</Filter>
    </QtMoc>
    <QtMoc Include="Source\RDomain\RModel\Consequence\RDetailedBuildingLifeCycleWaterUsageModel.h">
      <Filter>Header Files</Filter>
    </QtMoc>
    <QtMoc Include="Source\RDomain\RModel\Consequence\RDiscountingModel.h">
      <Filter>Header Files</Filter>
    </QtMoc>
    <QtMoc Include="Source\RAnalysis\RAnalyzer\RDiscreteEventSamplingAnalyzer.h">
      <Filter>Header Files</Filter>
    </QtMoc>
    <QtMoc Include="Source\RDomain\RDomain.h">
      <Filter>Header Files</Filter>
    </QtMoc>
    <QtMoc Include="Source\RDomain\RModel\Hazard\RDuWang2012IntensityModel.h">
      <Filter>Header Files</Filter>
    </QtMoc>
    <QtMoc Include="Source\RDomain\RModel\ExternalSoftware\REMMEModel.h">
      <Filter>Header Files</Filter>
    </QtMoc>
    <QtMoc Include="Source\RDomain\RModel\Event\REventModel.h">
      <Filter>Header Files</Filter>
    </QtMoc>
    <QtMoc Include="Source\Templates\RExampleAnalyzer.h">
      <Filter>Header Files</Filter>
    </QtMoc>
    <QtMoc Include="Source\Templates\RExampleModel.h">
      <Filter>Header Files</Filter>
    </QtMoc>
    <QtMoc Include="Source\RDomain\RModel\ExternalSoftware\RExternalSoftwareModel.h">
      <Filter>Header Files</Filter>
    </QtMoc>
    <QtMoc Include="Source\RDomain\RModel\ExternalSoftware\RExternalSoftwareModelOutputManager.h">
      <Filter>Header Files</Filter>
    </QtMoc>
    <QtMoc Include="Source\RAnalysis\RAnalyzer\RFORMAnalyzer.h">
      <Filter>Header Files</Filter>
    </QtMoc>
    <QtMoc Include="Source\RAnalysis\RAnalyzer\RFOSMAnalyzer.h">
      <Filter>Header Files</Filter>
    </QtMoc>
    <QtMoc Include="Source\RAnalysis\RAccumulator\RFailureProbabilityAccumulator.h">
      <Filter>Header Files</Filter>
    </QtMoc>
    <QtMoc Include="Source\RDomain\RModel\Consequence\RFemaNibsBridgeDamageModel.h">
      <Filter>Header Files</Filter>
    </QtMoc>
    <QtMoc Include="Source\RDomain\RModel\Consequence\RFemaNibsBuildingRepairCostModel.h">
      <Filter>Header Files</Filter>
    </QtMoc>
    <QtMoc Include="Source\RDomain\RParameter\RResponse\RFileResponse.h">
      <Filter>Header Files</Filter>
    </QtMoc>
    <QtMoc Include="Source\RAnalysis\RStepSizeSearcher\RFixedStepSizeSearcher.h">
      <Filter>Header Files</Filter>
    </QtMoc>
    <QtMoc Include="Source\RGUI\RFlowchartWidget\RFlowchartWidget.h">
      <Filter>Header Files</Filter>
    </QtMoc>
    <QtMoc Include="Source\RDomain\RFunction\RFunction.h">
      <Filter>Header Files</Filter>
    </QtMoc>
    <QtMoc Include="Source\RAnalysis\RAnalyzer\RFunctionEvaluationAnalyzer.h">
      <Filter>Header Files</Filter>
    </QtMoc>
    <QtMoc Include="Source\RGUI\RGLWidget\RGLWidget.h">
      <Filter>Header Files</Filter>
    </QtMoc>
    <QtMoc Include="Source\RGUI\RGLWidget\RGLWidgetEngine.h">
      <Filter>Header Files</Filter>
    </QtMoc>
    <QtMoc Include="Source\RDomain\RModel\Hazard\RGenericAttenuationModel.h">
      <Filter>Header Files</Filter>
    </QtMoc>
    <QtMoc Include="Source\RDomain\RParameter\RResponse\RGenericResponse.h">
      <Filter>Header Files</Filter>
    </QtMoc>
    <QtMoc Include="Source\RDomain\RModel\Consequence\RGypsumWallboardPartitionDamageModel.h">
      <Filter>Header Files</Filter>
    </QtMoc>
    <QtMoc Include="Source\RAnalysis\RStepDirectionSearcher\RHLRFStepDirectionSearcher.h">
      <Filter>Header Files</Filter>
    </QtMoc>
    <QtMoc Include="Source\RDomain\RModel\Infrastructure\Healthcare\RHealthcareCapacityModel.h">
      <Filter>Header Files</Filter>
    </QtMoc>
    <QtMoc Include="Source\RDomain\RModel\Infrastructure\Healthcare\RHealthcareDemandModel.h">
      <Filter>Header Files</Filter>
    </QtMoc>
    <QtMoc Include="Source\RDomain\RModel\Infrastructure\Healthcare\RHealthcareInformationModel.h">
      <Filter>Header Files</Filter>
    </QtMoc>
    <QtMoc Include="Source\RDomain\RModel\Infrastructure\Healthcare\RHealthcareRestorationModel.h">
      <Filter>Header Files</Filter>
    </QtMoc>
    <QtMoc Include="Source\RDomain\RModel\Infrastructure\Healthcare\RHealthcareTreatmentCostModel.h">
      <Filter>Header Files</Filter>
    </QtMoc>
    <QtMoc Include="Source\RDomain\RModel\Infrastructure\Healthcare\RHealthcareTreatmentTimeModel.h">
      <Filter>Header Files</Filter>
    </QtMoc>
    <QtMoc Include="Source\RAnalysis\RAccumulator\RHistogramAccumulator.h">
      <Filter>Header Files</Filter>
    </QtMoc>
    <QtMoc Include="Source\RDomain\RModel\Hazard\RIdriss2013IntensityModel.h">
      <Filter>Header Files</Filter>
    </QtMoc>
    <QtMoc Include="Source\RAnalysis\RRandomNumberGenerator\RIndependentNormalRandomNumberGenerator.h">
      <Filter>Header Files</Filter>
    </QtMoc>
    <QtMoc Include="Source\RDomain\RModel\Consequence\RInjurySocialLossModel.h">
      <Filter>Header Files</Filter>
    </QtMoc>
    <QtMoc Include="Source\RDomain\RModel\Hazard\RJoynerBoore1981IntensityModel.h">
      <Filter>Header Files</Filter>
    </QtMoc>
    <QtMoc Include="Source\RDomain\RModel\Consequence\RLifeQualityReductionModel.h">
      <Filter>Header Files</Filter>
    </QtMoc>
    <QtMoc Include="Source\RAnalysis\RAnalyzer\RLoadCoincidenceAnalyzer.h">
      <Filter>Header Files</Filter>
    </QtMoc>
    <QtMoc Include="Source\RDomain\RParameter\RLocation\RLocation.h">
      <Filter>Header Files</Filter>
    </QtMoc>
    <QtMoc Include="Source\RDomain\RParameter\RResponse\RLocationResponse.h">
      <Filter>Header Files</Filter>
    </QtMoc>
    <QtMoc Include="Source\RGUI\RMainWindow.h">
      <Filter>Header Files</Filter>
    </QtMoc>
    <QtMoc Include="Source\RGUI\RMapWidget\RMapWidget.h">
      <Filter>Header Files</Filter>
    </QtMoc>
    <QtMoc Include="Source\RDomain\RModel\Consequence\RMasonryBuildingDamageModel.h">
      <Filter>Header Files</Filter>
    </QtMoc>
    <QtMoc Include="Source\RDomain\RModel\Consequence\RMasonryBuildingRetrofitCostModel.h">
      <Filter>Header Files</Filter>
    </QtMoc>
    <QtMoc Include="Source\RDomain\RModel\ExternalSoftware\RMatlabModel.h">
      <Filter>Header Files</Filter>
    </QtMoc>
    <QtMoc Include="Source\RAnalysis\RMeritChecker\RMeritChecker.h">
      <Filter>Header Files</Filter>
    </QtMoc>
    <QtMoc Include="Source\RDomain\RModel\RModel.h">
      <Filter>Header Files</Filter>
    </QtMoc>
    <QtMoc Include="Source\RGUI\RModelInferenceDialog\RModelInferenceDialog.h">
      <Filter>Header Files</Filter>
    </QtMoc>
    <QtMoc Include="Source\RDomain\RModel\Hazard\RMomentMagnitudeModel.h">
      <Filter>Header Files</Filter>
    </QtMoc>
    <QtMoc Include="Source\RDomain\RModel\Hazard\RMultipointLineSourceModel.h">
      <Filter>Header Files</Filter>
    </QtMoc>
    <QtMoc Include="Source\RAnalysis\RTransformer\RNatafTransformer.h">
      <Filter>Header Files</Filter>
    </QtMoc>
    <QtMoc Include="Source\RAnalysis\RTransformer\RNoCorrelationTransformer.h">
      <Filter>Header Files</Filter>
    </QtMoc>
    <QtMoc Include="Source\RAnalysis\RNonlinSingleConstrSolver\RNonlinSingleConstrSolver.h">
      <Filter>Header Files</Filter>
    </QtMoc>
    <QtMoc Include="Source\RDomain\RObject.h">
      <Filter>Header Files</Filter>
    </QtMoc>
    <QtMoc Include="Source\RGUI\RObjectWidget\RObjectWidget.h">
      <Filter>Header Files</Filter>
    </QtMoc>
    <QtMoc Include="Source\RDomain\RModel\Occurrence\ROccurrenceModel.h">
      <Filter>Header Files</Filter>
    </QtMoc>
    <QtMoc Include="Source\RDomain\RModel\ExternalSoftware\ROpenSeesModel.h">
      <Filter>Header Files</Filter>
    </QtMoc>
    <QtMoc Include="Source\RDomain\RModel\Event\Operation\ROperationEventType1Model.h">
      <Filter>Header Files</Filter>
    </QtMoc>
    <QtMoc Include="Source\RDomain\RModel\Event\Operation\ROperationEventType2Model.h">
      <Filter>Header Files</Filter>
    </QtMoc>
    <QtMoc Include="Source\RMPI\ROutputManager.h">
      <Filter>Header Files</Filter>
    </QtMoc>
    <ClInclude Include="Source\RMPI\RParallelComputationManager.h">
      <Filter>Header Files</Filter>
    </ClInclude>
    <ClInclude Include="Source\RMPI\RParallelComputerInterface.h">
      <Filter>Header Files</Filter>
    </ClInclude>
    <QtMoc Include="Source\RMPI\RParallelProcessor.h">
      <Filter>Header Files</Filter>
    </QtMoc>
    <QtMoc Include="Source\RDomain\RParameter\RParameter.h">
      <Filter>Header Files</Filter>
    </QtMoc>
    <QtMoc Include="Source\RGUI\RParametricAnalysisDialog\RParametricAnalysisDialog.h">
      <Filter>Header Files</Filter>
    </QtMoc>
    <QtMoc Include="Source\RGUI\RPlotWidget\RPlotWidget.h">
      <Filter>Header Files</Filter>
    </QtMoc>
    <ClInclude Include="Source\RMPI\RPointer.h">
      <Filter>Header Files</Filter>
    </ClInclude>
    <QtMoc Include="Source\RDomain\RModel\Occurrence\RPoissonPulseProcessModel.h">
      <Filter>Header Files</Filter>
    </QtMoc>
    <QtMoc Include="Source\RDomain\RModel\Hazard\RPolygonalAreaSourceModel.h">
      <Filter>Header Files</Filter>
    </QtMoc>
    <QtMoc Include="Source\RDomain\RModel\Consequence\RPopulationDensityModel.h">
      <Filter>Header Files</Filter>
    </QtMoc>
    <QtMoc Include="Source\RDomain\RModel\Infrastructure\Power\RPowerStationDamageModel.h">
      <Filter>Header Files</Filter>
    </QtMoc>
    <QtMoc Include="Source\RDomain\RModel\Infrastructure\Power\RPowerStationInformationModel.h">
      <Filter>Header Files</Filter>
    </QtMoc>
    <QtMoc Include="Source\RDomain\RModel\Infrastructure\Power\RPowerStationInspectionCostModel.h">
      <Filter>Header Files</Filter>
    </QtMoc>
    <QtMoc Include="Source\RDomain\RModel\Infrastructure\Power\RPowerStationInspectionTimeModel.h">
      <Filter>Header Files</Filter>
    </QtMoc>
    <QtMoc Include="Source\RDomain\RModel\Infrastructure\Power\RPowerStationRepairCostModel.h">
      <Filter>Header Files</Filter>
    </QtMoc>
    <QtMoc Include="Source\RDomain\RModel\Infrastructure\Power\RPowerStationRepairTimeModel.h">
      <Filter>Header Files</Filter>
    </QtMoc>
    <QtMoc Include="Source\RDomain\RModel\Infrastructure\Power\RPowerStationServiceabilityModel.h">
      <Filter>Header Files</Filter>
    </QtMoc>
    <QtMoc Include="Source\RGUI\RPropertyWidget\RPropertyWidget.h">
      <Filter>Header Files</Filter>
    </QtMoc>
    <QtMoc Include="Source\RDomain\RModel\Hazard\RQuadrilateralAreaSourceModel.h">
      <Filter>Header Files</Filter>
    </QtMoc>
    <QtMoc Include="Source\RAnalysis\RRandomNumberGenerator\RRandomNumberGenerator.h">
      <Filter>Header Files</Filter>
    </QtMoc>
    <QtMoc Include="Source\RDomain\RParameter\RRandomVariable\RRandomVariable.h">
      <Filter>Header Files</Filter>
    </QtMoc>
    <QtMoc Include="Source\RDomain\RModel\Generic\RRandomVariableWithRandomParametersModel.h">
      <Filter>Header Files</Filter>
    </QtMoc>
    <QtMoc Include="Source\RDomain\RModel\Hazard\RRectangularAreaSourceModel.h">
      <Filter>Header Files</Filter>
    </QtMoc>
    <QtMoc Include="Source\RDomain\RModel\Consequence\RRegionalLossModel.h">
      <Filter>Header Files</Filter>
    </QtMoc>
    <QtMoc Include="Source\RDomain\RModel\Consequence\RRelocationCostModel.h">
      <Filter>Header Files</Filter>
    </QtMoc>
    <QtMoc Include="Source\RDomain\RParameter\RResponse\RResponse.h">
      <Filter>Header Files</Filter>
    </QtMoc>
    <QtMoc Include="Source\RDomain\RModel\Hazard\RRezaeianDerKiureghianArtificialGroundMotionModel.h">
      <Filter>Header Files</Filter>
    </QtMoc>
    <QtMoc Include="Source\RDomain\RModel\Generic\RRootFindingModel.h">
      <Filter>Header Files</Filter>
    </QtMoc>
    <QtMoc Include="Source\RDomain\RModel\ExternalSoftware\RSAP2000Model.h">
      <Filter>Header Files</Filter>
    </QtMoc>
    <QtMoc Include="Source\RAnalysis\RAnalyzer\RSamplingAnalyzer.h">
      <Filter>Header Files</Filter>
    </QtMoc>
    <QtMoc Include="Source\RAnalysis\RAnalyzer\RScenarioSamplingAnalyzer.h">
      <Filter>Header Files</Filter>
    </QtMoc>
    <QtMoc Include="Source\RDomain\RModel\Generic\RScriptModel.h">
      <Filter>Header Files</Filter>
    </QtMoc>
    <QtMoc Include="Source\RDomain\RModel\Consequence\RSimpleBuildingLifeCycleEnergyUsageModel.h">
      <Filter>Header Files</Filter>
    </QtMoc>
    <QtMoc Include="Source\RDomain\RModel\Consequence\RSimpleBuildingLifeCycleGWPModel.h">
      <Filter>Header Files</Filter>
    </QtMoc>
    <QtMoc Include="Source\RDomain\RModel\Consequence\RSimpleBuildingLifeCycleWaterUsageModel.h">
      <Filter>Header Files</Filter>
    </QtMoc>
    <QtMoc Include="Source\RDomain\RModel\Consequence\RSimpleBuildingRepairCostModel.h">
      <Filter>Header Files</Filter>
    </QtMoc>
    <QtMoc Include="Source\RDomain\RModel\Consequence\RSimpleDamageCurveModel.h">
      <Filter>Header Files</Filter>
    </QtMoc>
    <QtMoc Include="Source\RDomain\RModel\Infrastructure\Building\RSimpleDeteriorationModel.h">
      <Filter>Header Files</Filter>
    </QtMoc>
    <QtMoc Include="Source\RDomain\RModel\Hazard\RSimpleSnowLoadModel.h">
      <Filter>Header Files</Filter>
    </QtMoc>
    <QtMoc Include="Source\RDomain\RModel\Hazard\RSimpleWindPressureModel.h">
      <Filter>Header Files</Filter>
    </QtMoc>
    <QtMoc Include="Source\RDomain\RModel\Hazard\RSimpleWindVelocityModel.h">
      <Filter>Header Files</Filter>
    </QtMoc>
    <QtMoc Include="Source\RDomain\RModel\Hazard\RSingleLineSourceModel.h">
      <Filter>Header Files</Filter>
    </QtMoc>
    <QtMoc Include="Source\RDomain\RModel\Infrastructure\Building\RSoilStructureInteractionModel.h">
      <Filter>Header Files</Filter>
    </QtMoc>
    <QtMoc Include="Source\RDomain\RModel\Infrastructure\RStModel.h">
      <Filter>Header Files</Filter>
    </QtMoc>
    <QtMoc Include="Source\RAnalysis\RConvergenceChecker\RStandardConvergenceChecker.h">
      <Filter>Header Files</Filter>
    </QtMoc>
    <QtMoc Include="Source\RAnalysis\RStepDirectionSearcher\RStepDirectionSearcher.h">
      <Filter>Header Files</Filter>
    </QtMoc>
    <QtMoc Include="Source\RAnalysis\RStepSizeSearcher\RStepSizeSearcher.h">
      <Filter>Header Files</Filter>
    </QtMoc>
    <QtMoc Include="Source\RAnalysis\RNonlinSingleConstrSolver\RStepperNonlinSingleConstrSolver.h">
      <Filter>Header Files</Filter>
    </QtMoc>
    <QtMoc Include="Source\RDomain\RModel\Consequence\RSuspendedCeilingDamageModel.h">
      <Filter>Header Files</Filter>
    </QtMoc>
    <ClInclude Include="Source\RMPI\RThread.h">
      <Filter>Header Files</Filter>
    </ClInclude>
    <QtMoc Include="Source\RDomain\RParameter\RTime\RTime.h">
      <Filter>Header Files</Filter>
    </QtMoc>
    <QtMoc Include="Source\RDomain\RModel\Event\Time\RTimeEventType1Model.h">
      <Filter>Header Files</Filter>
    </QtMoc>
    <QtMoc Include="Source\RDomain\RModel\Event\Time\RTimeEventType2Model.h">
      <Filter>Header Files</Filter>
    </QtMoc>
    <QtMoc Include="Source\RDomain\RModel\Consequence\RTractionElevatorDamageModel.h">
      <Filter>Header Files</Filter>
    </QtMoc>
    <QtMoc Include="Source\RAnalysis\RTransformer\RTransformer.h">
      <Filter>Header Files</Filter>
    </QtMoc>
    <QtMoc Include="Source\RDomain\RModel\ExternalSoftware\RUSFOSModel.h">
      <Filter>Header Files</Filter>
    </QtMoc>
    <QtMoc Include="Source\RGUI\RVariableInferenceDialog\RVariableInferenceDialog.h">
      <Filter>Header Files</Filter>
    </QtMoc>
    <QtMoc Include="Source\RDomain\RModel\Infrastructure\Water\RWaterStationDamageModel.h">
      <Filter>Header Files</Filter>
    </QtMoc>
    <QtMoc Include="Source\RDomain\RModel\Infrastructure\Water\RWaterStationFunctionalityModel.h">
      <Filter>Header Files</Filter>
    </QtMoc>
    <QtMoc Include="Source\RDomain\RModel\Infrastructure\Water\RWaterStationInformationModel.h">
      <Filter>Header Files</Filter>
    </QtMoc>
    <QtMoc Include="Source\RDomain\RModel\Infrastructure\Water\RWaterStationInspectionCostModel.h">
      <Filter>Header Files</Filter>
    </QtMoc>
    <QtMoc Include="Source\RDomain\RModel\Infrastructure\Water\RWaterStationInspectionTimeModel.h">
      <Filter>Header Files</Filter>
    </QtMoc>
    <QtMoc Include="Source\RDomain\RModel\Infrastructure\Water\RWaterStationRepairCostModel.h">
      <Filter>Header Files</Filter>
    </QtMoc>
    <QtMoc Include="Source\RDomain\RModel\Infrastructure\Water\RWaterStationRepairTimeModel.h">
      <Filter>Header Files</Filter>
    </QtMoc>
    <QtMoc Include="Source\RDomain\RModel\Infrastructure\Water\RWaterStationServiceabilityModel.h">
      <Filter>Header Files</Filter>
    </QtMoc>
    <QtMoc Include="Source\RDomain\RModel\Infrastructure\St\SAssembler.h">
      <Filter>Header Files</Filter>
    </QtMoc>
    <QtMoc Include="Source\RDomain\RModel\Infrastructure\St\SElement.h">
      <Filter>Header Files</Filter>
    </QtMoc>
    <QtMoc Include="Source\RDomain\RModel\Infrastructure\St\SFixedNode.h">
      <Filter>Header Files</Filter>
    </QtMoc>
    <QtMoc Include="Source\RDomain\RModel\Infrastructure\St\SFrameElement.h">
      <Filter>Header Files</Filter>
    </QtMoc>
    <QtMoc Include="Source\RDomain\RModel\Infrastructure\St\SGenericSection.h">
      <Filter>Header Files</Filter>
    </QtMoc>
    <QtMoc Include="Source\RDomain\RModel\Infrastructure\St\SLUSolver.h">
      <Filter>Header Files</Filter>
    </QtMoc>
    <QtMoc Include="Source\RDomain\RModel\Infrastructure\St\SMaterial.h">
      <Filter>Header Files</Filter>
    </QtMoc>
    <QtMoc Include="Source\RDomain\RModel\Infrastructure\St\SMember.h">
      <Filter>Header Files</Filter>
    </QtMoc>
    <QtMoc Include="Source\RDomain\RModel\Infrastructure\St\SNodalLoad.h">
      <Filter>Header Files</Filter>
    </QtMoc>
    <QtMoc Include="Source\RDomain\RModel\Infrastructure\St\SNode.h">
      <Filter>Header Files</Filter>
    </QtMoc>
    <QtMoc Include="Source\RDomain\RModel\Infrastructure\St\SQuad4Element.h">
      <Filter>Header Files</Filter>
    </QtMoc>
    <QtMoc Include="Source\RDomain\RModel\Infrastructure\St\SRectangularSection.h">
      <Filter>Header Files</Filter>
    </QtMoc>
    <QtMoc Include="Source\RDomain\RModel\Infrastructure\St\SRigidLink.h">
      <Filter>Header Files</Filter>
    </QtMoc>
    <QtMoc Include="Source\RDomain\RModel\Infrastructure\St\SSOESolver.h">
      <Filter>Header Files</Filter>
    </QtMoc>
    <QtMoc Include="Source\RDomain\RModel\Infrastructure\St\SSection.h">
      <Filter>Header Files</Filter>
    </QtMoc>
    <QtMoc Include="Source\RDomain\RModel\Infrastructure\St\STransformationMatrixAssembler.h">
      <Filter>Header Files</Filter>
    </QtMoc>
    <QtMoc Include="Source\RDomain\RModel\Infrastructure\St\STrussElement.h">
      <Filter>Header Files</Filter>
    </QtMoc>
    <QtMoc Include="Source\RDomain\RModel\Infrastructure\St\SWallMember.h">
      <Filter>Header Files</Filter>
    </QtMoc>
    <ClInclude Include="Source\Tools\Sparse\Sparse.h">
      <Filter>Header Files</Filter>
    </ClInclude>
    <ClInclude Include="Source\Tools\MuParser\muParser.h">
      <Filter>Header Files</Filter>
    </ClInclude>
    <ClInclude Include="Source\Tools\MuParser\muParserBase.h">
      <Filter>Header Files</Filter>
    </ClInclude>
    <ClInclude Include="Source\Tools\MuParser\muParserBytecode.h">
      <Filter>Header Files</Filter>
    </ClInclude>
    <ClInclude Include="Source\Tools\MuParser\muParserCallback.h">
      <Filter>Header Files</Filter>
    </ClInclude>
    <ClInclude Include="Source\Tools\MuParser\muParserComplex.h">
      <Filter>Header Files</Filter>
    </ClInclude>
    <ClInclude Include="Source\Tools\MuParser\muParserDLL.h">
      <Filter>Header Files</Filter>
    </ClInclude>
    <ClInclude Include="Source\Tools\MuParser\muParserDef.h">
      <Filter>Header Files</Filter>
    </ClInclude>
    <ClInclude Include="Source\Tools\MuParser\muParserError.h">
      <Filter>Header Files</Filter>
    </ClInclude>
    <ClInclude Include="Source\Tools\MuParser\muParserFixes.h">
      <Filter>Header Files</Filter>
    </ClInclude>
    <ClInclude Include="Source\Tools\MuParser\muParserInt.h">
      <Filter>Header Files</Filter>
    </ClInclude>
    <ClInclude Include="Source\Tools\MuParser\muParserStack.h">
      <Filter>Header Files</Filter>
    </ClInclude>
    <ClInclude Include="Source\Tools\MuParser\muParserToken.h">
      <Filter>Header Files</Filter>
    </ClInclude>
    <ClInclude Include="Source\Tools\MuParser\muParserTokenReader.h">
      <Filter>Header Files</Filter>
    </ClInclude>
    <QtMoc Include="Source\RGUI\RPlotWidget\qcustomplot.h">
      <Filter>Header Files</Filter>
    </QtMoc>
    <QtMoc Include="Source\RAnalysis\RAnalyzer\RSORMAnalyzer.h">
      <Filter>Generated Files</Filter>
    </QtMoc>
  </ItemGroup>
  <ItemGroup>
    <CustomBuild Include="GeneratedFiles\Debug\moc_predefs.h.cbt">
      <Filter>Generated Files</Filter>
    </CustomBuild>
    <CustomBuild Include="GeneratedFiles\Release\moc_predefs.h.cbt">
      <Filter>Generated Files</Filter>
    </CustomBuild>
  </ItemGroup>
  <ItemGroup>
    <QtUic Include="Source\RGUI\RAnalysisDialog\RAnalysisDialog.ui">
      <Filter>Form Files</Filter>
    </QtUic>
    <QtUic Include="Source\RGUI\RFlowchartWidget\RFlowchartWidget.ui">
      <Filter>Form Files</Filter>
    </QtUic>
    <QtUic Include="Source\RGUI\RMapWidget\RMapWidget.ui">
      <Filter>Form Files</Filter>
    </QtUic>
    <QtUic Include="Source\RGUI\RModelInferenceDialog\RModelInferenceDialog.ui">
      <Filter>Form Files</Filter>
    </QtUic>
    <QtUic Include="Source\RGUI\RObjectWidget\RObjectWidget.ui">
      <Filter>Form Files</Filter>
    </QtUic>
    <QtUic Include="Source\RGUI\RParametricAnalysisDialog\RParametricAnalysisDialog.ui">
      <Filter>Form Files</Filter>
    </QtUic>
    <QtUic Include="Source\RGUI\RPropertyWidget\RPropertyWidget.ui">
      <Filter>Form Files</Filter>
    </QtUic>
    <QtUic Include="Source\RGUI\RVariableInferenceDialog\RVariableInferenceDialog.ui">
      <Filter>Form Files</Filter>
    </QtUic>
  </ItemGroup>
  <ItemGroup>
    <None Include="Source\RGUI\RScript\RGoogle.js">
      <Filter>Resource Files</Filter>
    </None>
    <QtRcc Include="Source\RGUI\Rt.qrc">
      <Filter>Resource Files</Filter>
    </QtRcc>
    <None Include="Source\RGUI\RImages\about.png">
      <Filter>Resource Files</Filter>
    </None>
    <None Include="Source\RGUI\RImages\add.png">
      <Filter>Resource Files</Filter>
    </None>
    <None Include="Source\RGUI\RImages\cascadewindows.png">
      <Filter>Resource Files</Filter>
    </None>
    <None Include="Source\RGUI\RImages\chart.png">
      <Filter>Resource Files</Filter>
    </None>
    <None Include="Source\RGUI\RImages\close.png">
      <Filter>Resource Files</Filter>
    </None>
    <None Include="Source\RGUI\RImages\copy.png">
      <Filter>Resource Files</Filter>
    </None>
    <None Include="Source\RGUI\RImages\cut.png">
      <Filter>Resource Files</Filter>
    </None>
    <None Include="Source\RGUI\RImages\exit.png">
      <Filter>Resource Files</Filter>
    </None>
    <None Include="Source\RGUI\RImages\finish.png">
      <Filter>Resource Files</Filter>
    </None>
    <None Include="Source\RGUI\RImages\help.png">
      <Filter>Resource Files</Filter>
    </None>
    <None Include="Source\RGUI\RImages\home.png">
      <Filter>Resource Files</Filter>
    </None>
    <None Include="Source\RGUI\RImages\icon.png">
      <Filter>Resource Files</Filter>
    </None>
    <None Include="Source\RGUI\RImages\image.png">
      <Filter>Resource Files</Filter>
    </None>
    <None Include="Source\RGUI\RImages\map.png">
      <Filter>Resource Files</Filter>
    </None>
    <None Include="Source\RGUI\RImages\mapicon.png">
      <Filter>Resource Files</Filter>
    </None>
    <None Include="Source\RGUI\RImages\modify.png">
      <Filter>Resource Files</Filter>
    </None>
    <None Include="Source\RGUI\RImages\new.png">
      <Filter>Resource Files</Filter>
    </None>
    <None Include="Source\RGUI\RImages\open.png">
      <Filter>Resource Files</Filter>
    </None>
    <None Include="Source\RGUI\RImages\options.png">
      <Filter>Resource Files</Filter>
    </None>
    <None Include="Source\RGUI\RImages\panes.png">
      <Filter>Resource Files</Filter>
    </None>
    <None Include="Source\RGUI\RImages\paste.png">
      <Filter>Resource Files</Filter>
    </None>
    <None Include="Source\RGUI\RImages\pdf.png">
      <Filter>Resource Files</Filter>
    </None>
    <None Include="Source\RGUI\RImages\print.png">
      <Filter>Resource Files</Filter>
    </None>
    <None Include="Source\RGUI\RImages\recentfiles.png">
      <Filter>Resource Files</Filter>
    </None>
    <None Include="Source\RGUI\RImages\reload.png">
      <Filter>Resource Files</Filter>
    </None>
    <None Include="Source\RGUI\RImages\remove.png">
      <Filter>Resource Files</Filter>
    </None>
    <None Include="Source\RGUI\RImages\removeall.png">
      <Filter>Resource Files</Filter>
    </None>
    <None Include="Source\RGUI\RImages\resetview.png">
      <Filter>Resource Files</Filter>
    </None>
    <None Include="Source\RGUI\RImages\resetzoom.png">
      <Filter>Resource Files</Filter>
    </None>
    <None Include="Source\RGUI\RScript\rtmap.html">
      <Filter>Resource Files</Filter>
    </None>
    <None Include="Source\RGUI\RImages\save.png">
      <Filter>Resource Files</Filter>
    </None>
    <None Include="Source\RGUI\RImages\saveas.png">
      <Filter>Resource Files</Filter>
    </None>
    <None Include="Source\RGUI\RImages\setdefaultview.png">
      <Filter>Resource Files</Filter>
    </None>
    <None Include="Source\RGUI\RImages\showhideallpanes.png">
      <Filter>Resource Files</Filter>
    </None>
    <None Include="Source\RGUI\RImages\showhidealltoolbars.png">
      <Filter>Resource Files</Filter>
    </None>
    <None Include="Source\RGUI\RImages\svg.png">
      <Filter>Resource Files</Filter>
    </None>
    <None Include="Source\RGUI\RImages\tilewindows.png">
      <Filter>Resource Files</Filter>
    </None>
    <None Include="Source\RGUI\RImages\toolbars.png">
      <Filter>Resource Files</Filter>
    </None>
    <None Include="Source\RGUI\RImages\ubc.png">
      <Filter>Resource Files</Filter>
    </None>
    <None Include="Source\RGUI\RImages\zoomin.png">
      <Filter>Resource Files</Filter>
    </None>
    <None Include="Source\RGUI\RImages\zoomout.png">
      <Filter>Resource Files</Filter>
    </None>
    <None Include="Source\RGUI\RScript\QWebChannel.js" />
  </ItemGroup>
  <ItemGroup>
    <ResourceCompile Include="Source\RGUI\RIcon\Rtx.rc" />
  </ItemGroup>
  <ItemGroup>
    <Image Include="Source\RGUI\RImages\Icon.ico" />
    <Image Include="Source\RGUI\RImages\about1.png" />
    <Image Include="Source\RGUI\RImages\about2.png" />
    <Image Include="Source\RGUI\RImages\splash2.png" />
    <Image Include="Source\RGUI\RImages\splash1.png" />
  </ItemGroup>
</Project>